// !$*UTF8*$!
{
	archiveVersion = 1;
	classes = {
	};
	objectVersion = 46;
	objects = {

/* Begin PBXBuildFile section */
		10726D4D1D2C930D0035EFDD /* AppDelegate.swift in Sources */ = {isa = PBXBuildFile; fileRef = 10726D4C1D2C930D0035EFDD /* AppDelegate.swift */; };
		10726D4F1D2C930D0035EFDD /* ViewController.swift in Sources */ = {isa = PBXBuildFile; fileRef = 10726D4E1D2C930D0035EFDD /* ViewController.swift */; };
		10726D521D2C930D0035EFDD /* Main.storyboard in Resources */ = {isa = PBXBuildFile; fileRef = 10726D501D2C930D0035EFDD /* Main.storyboard */; };
		10726D541D2C930D0035EFDD /* Assets.xcassets in Resources */ = {isa = PBXBuildFile; fileRef = 10726D531D2C930D0035EFDD /* Assets.xcassets */; };
		10726D571D2C930D0035EFDD /* LaunchScreen.storyboard in Resources */ = {isa = PBXBuildFile; fileRef = 10726D551D2C930D0035EFDD /* LaunchScreen.storyboard */; };
		10F54C781D2C9B2F0082FC2C /* ReplayKit.framework in Frameworks */ = {isa = PBXBuildFile; fileRef = 10F54C771D2C9B2F0082FC2C /* ReplayKit.framework */; };
/* End PBXBuildFile section */

/* Begin PBXFileReference section */
		10726D491D2C930D0035EFDD /* ReplayKitDemo.app */ = {isa = PBXFileReference; explicitFileType = wrapper.application; includeInIndex = 0; path = ReplayKitDemo.app; sourceTree = BUILT_PRODUCTS_DIR; };
		10726D4C1D2C930D0035EFDD /* AppDelegate.swift */ = {isa = PBXFileReference; lastKnownFileType = sourcecode.swift; path = AppDelegate.swift; sourceTree = "<group>"; };
		10726D4E1D2C930D0035EFDD /* ViewController.swift */ = {isa = PBXFileReference; lastKnownFileType = sourcecode.swift; path = ViewController.swift; sourceTree = "<group>"; };
		10726D511D2C930D0035EFDD /* Base */ = {isa = PBXFileReference; lastKnownFileType = file.storyboard; name = Base; path = Base.lproj/Main.storyboard; sourceTree = "<group>"; };
		10726D531D2C930D0035EFDD /* Assets.xcassets */ = {isa = PBXFileReference; lastKnownFileType = folder.assetcatalog; path = Assets.xcassets; sourceTree = "<group>"; };
		10726D561D2C930D0035EFDD /* Base */ = {isa = PBXFileReference; lastKnownFileType = file.storyboard; name = Base; path = Base.lproj/LaunchScreen.storyboard; sourceTree = "<group>"; };
		10726D581D2C930D0035EFDD /* Info.plist */ = {isa = PBXFileReference; lastKnownFileType = text.plist.xml; path = Info.plist; sourceTree = "<group>"; };
		10F54C771D2C9B2F0082FC2C /* ReplayKit.framework */ = {isa = PBXFileReference; lastKnownFileType = wrapper.framework; name = ReplayKit.framework; path = System/Library/Frameworks/ReplayKit.framework; sourceTree = SDKROOT; };
/* End PBXFileReference section */

/* Begin PBXFrameworksBuildPhase section */
		10726D461D2C930D0035EFDD /* Frameworks */ = {
			isa = PBXFrameworksBuildPhase;
			buildActionMask = 2147483647;
			files = (
				10F54C781D2C9B2F0082FC2C /* ReplayKit.framework in Frameworks */,
			);
			runOnlyForDeploymentPostprocessing = 0;
		};
/* End PBXFrameworksBuildPhase section */

/* Begin PBXGroup section */
		10726D401D2C930D0035EFDD = {
			isa = PBXGroup;
			children = (
				10726D4B1D2C930D0035EFDD /* ReplayKitDemo */,
				10726D4A1D2C930D0035EFDD /* Products */,
				10F54C761D2C9B2F0082FC2C /* Frameworks */,
			);
			sourceTree = "<group>";
		};
		10726D4A1D2C930D0035EFDD /* Products */ = {
			isa = PBXGroup;
			children = (
				10726D491D2C930D0035EFDD /* ReplayKitDemo.app */,
			);
			name = Products;
			sourceTree = "<group>";
		};
		10726D4B1D2C930D0035EFDD /* ReplayKitDemo */ = {
			isa = PBXGroup;
			children = (
				10726D4C1D2C930D0035EFDD /* AppDelegate.swift */,
				10726D4E1D2C930D0035EFDD /* ViewController.swift */,
				10726D501D2C930D0035EFDD /* Main.storyboard */,
				10726D531D2C930D0035EFDD /* Assets.xcassets */,
				10726D551D2C930D0035EFDD /* LaunchScreen.storyboard */,
				10726D581D2C930D0035EFDD /* Info.plist */,
			);
			path = ReplayKitDemo;
			sourceTree = "<group>";
		};
		10F54C761D2C9B2F0082FC2C /* Frameworks */ = {
			isa = PBXGroup;
			children = (
				10F54C771D2C9B2F0082FC2C /* ReplayKit.framework */,
			);
			name = Frameworks;
			sourceTree = "<group>";
		};
/* End PBXGroup section */

/* Begin PBXNativeTarget section */
		10726D481D2C930D0035EFDD /* ReplayKitDemo */ = {
			isa = PBXNativeTarget;
			buildConfigurationList = 10726D5B1D2C930D0035EFDD /* Build configuration list for PBXNativeTarget "ReplayKitDemo" */;
			buildPhases = (
				10726D451D2C930D0035EFDD /* Sources */,
				10726D461D2C930D0035EFDD /* Frameworks */,
				10726D471D2C930D0035EFDD /* Resources */,
			);
			buildRules = (
			);
			dependencies = (
			);
			name = ReplayKitDemo;
			productName = ReplayKitDemo;
			productReference = 10726D491D2C930D0035EFDD /* ReplayKitDemo.app */;
			productType = "com.apple.product-type.application";
		};
/* End PBXNativeTarget section */

/* Begin PBXProject section */
		10726D411D2C930D0035EFDD /* Project object */ = {
			isa = PBXProject;
			attributes = {
				LastSwiftUpdateCheck = 0800;
				LastUpgradeCheck = 0800;
				ORGANIZATIONNAME = VincentNgo;
				TargetAttributes = {
					10726D481D2C930D0035EFDD = {
						CreatedOnToolsVersion = 8.0;
						DevelopmentTeam = LZMRHF534X;
						DevelopmentTeamName = "Vincent Ngo";
						ProvisioningStyle = Automatic;
					};
				};
			};
			buildConfigurationList = 10726D441D2C930D0035EFDD /* Build configuration list for PBXProject "ReplayKitDemo" */;
			compatibilityVersion = "Xcode 3.2";
			developmentRegion = English;
			hasScannedForEncodings = 0;
			knownRegions = (
				en,
				Base,
			);
			mainGroup = 10726D401D2C930D0035EFDD;
			productRefGroup = 10726D4A1D2C930D0035EFDD /* Products */;
			projectDirPath = "";
			projectRoot = "";
			targets = (
				10726D481D2C930D0035EFDD /* ReplayKitDemo */,
			);
		};
/* End PBXProject section */

/* Begin PBXResourcesBuildPhase section */
		10726D471D2C930D0035EFDD /* Resources */ = {
			isa = PBXResourcesBuildPhase;
			buildActionMask = 2147483647;
			files = (
				10726D571D2C930D0035EFDD /* LaunchScreen.storyboard in Resources */,
				10726D541D2C930D0035EFDD /* Assets.xcassets in Resources */,
				10726D521D2C930D0035EFDD /* Main.storyboard in Resources */,
			);
			runOnlyForDeploymentPostprocessing = 0;
		};
/* End PBXResourcesBuildPhase section */

/* Begin PBXSourcesBuildPhase section */
		10726D451D2C930D0035EFDD /* Sources */ = {
			isa = PBXSourcesBuildPhase;
			buildActionMask = 2147483647;
			files = (
				10726D4F1D2C930D0035EFDD /* ViewController.swift in Sources */,
				10726D4D1D2C930D0035EFDD /* AppDelegate.swift in Sources */,
			);
			runOnlyForDeploymentPostprocessing = 0;
		};
/* End PBXSourcesBuildPhase section */

/* Begin PBXVariantGroup section */
		10726D501D2C930D0035EFDD /* Main.storyboard */ = {
			isa = PBXVariantGroup;
			children = (
				10726D511D2C930D0035EFDD /* Base */,
			);
			name = Main.storyboard;
			sourceTree = "<group>";
		};
		10726D551D2C930D0035EFDD /* LaunchScreen.storyboard */ = {
			isa = PBXVariantGroup;
			children = (
				10726D561D2C930D0035EFDD /* Base */,
			);
			name = LaunchScreen.storyboard;
			sourceTree = "<group>";
		};
/* End PBXVariantGroup section */

/* Begin XCBuildConfiguration section */
		10726D591D2C930D0035EFDD /* Debug */ = {
			isa = XCBuildConfiguration;
			buildSettings = {
				ALWAYS_SEARCH_USER_PATHS = NO;
				CLANG_ANALYZER_NONNULL = YES;
				CLANG_CXX_LANGUAGE_STANDARD = "gnu++0x";
				CLANG_CXX_LIBRARY = "libc++";
				CLANG_ENABLE_MODULES = YES;
				CLANG_ENABLE_OBJC_ARC = YES;
				CLANG_WARN_BOOL_CONVERSION = YES;
				CLANG_WARN_CONSTANT_CONVERSION = YES;
				CLANG_WARN_DIRECT_OBJC_ISA_USAGE = YES_ERROR;
				CLANG_WARN_DOCUMENTATION_COMMENTS = YES;
				CLANG_WARN_EMPTY_BODY = YES;
				CLANG_WARN_ENUM_CONVERSION = YES;
				CLANG_WARN_INT_CONVERSION = YES;
				CLANG_WARN_OBJC_ROOT_CLASS = YES_ERROR;
				CLANG_WARN_UNREACHABLE_CODE = YES;
				CLANG_WARN__DUPLICATE_METHOD_MATCH = YES;
				"CODE_SIGN_IDENTITY[sdk=iphoneos*]" = "iPhone Developer";
				COPY_PHASE_STRIP = NO;
				DEBUG_INFORMATION_FORMAT = dwarf;
				ENABLE_STRICT_OBJC_MSGSEND = YES;
				ENABLE_TESTABILITY = YES;
				GCC_C_LANGUAGE_STANDARD = gnu99;
				GCC_DYNAMIC_NO_PIC = NO;
				GCC_NO_COMMON_BLOCKS = YES;
				GCC_OPTIMIZATION_LEVEL = 0;
				GCC_PREPROCESSOR_DEFINITIONS = (
					"DEBUG=1",
					"$(inherited)",
				);
				GCC_WARN_64_TO_32_BIT_CONVERSION = YES;
				GCC_WARN_ABOUT_RETURN_TYPE = YES_ERROR;
				GCC_WARN_UNDECLARED_SELECTOR = YES;
				GCC_WARN_UNINITIALIZED_AUTOS = YES_AGGRESSIVE;
				GCC_WARN_UNUSED_FUNCTION = YES;
				GCC_WARN_UNUSED_VARIABLE = YES;
				IPHONEOS_DEPLOYMENT_TARGET = 10.0;
				MTL_ENABLE_DEBUG_INFO = YES;
				ONLY_ACTIVE_ARCH = YES;
				SDKROOT = iphoneos;
				SWIFT_ACTIVE_COMPILATION_CONDITIONS = DEBUG;
				SWIFT_OPTIMIZATION_LEVEL = "-Onone";
				TARGETED_DEVICE_FAMILY = "1,2";
			};
			name = Debug;
		};
		10726D5A1D2C930D0035EFDD /* Release */ = {
			isa = XCBuildConfiguration;
			buildSettings = {
				ALWAYS_SEARCH_USER_PATHS = NO;
				CLANG_ANALYZER_NONNULL = YES;
				CLANG_CXX_LANGUAGE_STANDARD = "gnu++0x";
				CLANG_CXX_LIBRARY = "libc++";
				CLANG_ENABLE_MODULES = YES;
				CLANG_ENABLE_OBJC_ARC = YES;
				CLANG_WARN_BOOL_CONVERSION = YES;
				CLANG_WARN_CONSTANT_CONVERSION = YES;
				CLANG_WARN_DIRECT_OBJC_ISA_USAGE = YES_ERROR;
				CLANG_WARN_DOCUMENTATION_COMMENTS = YES;
				CLANG_WARN_EMPTY_BODY = YES;
				CLANG_WARN_ENUM_CONVERSION = YES;
				CLANG_WARN_INT_CONVERSION = YES;
				CLANG_WARN_OBJC_ROOT_CLASS = YES_ERROR;
				CLANG_WARN_UNREACHABLE_CODE = YES;
				CLANG_WARN__DUPLICATE_METHOD_MATCH = YES;
				"CODE_SIGN_IDENTITY[sdk=iphoneos*]" = "iPhone Developer";
				COPY_PHASE_STRIP = NO;
				DEBUG_INFORMATION_FORMAT = "dwarf-with-dsym";
				ENABLE_NS_ASSERTIONS = NO;
				ENABLE_STRICT_OBJC_MSGSEND = YES;
				GCC_C_LANGUAGE_STANDARD = gnu99;
				GCC_NO_COMMON_BLOCKS = YES;
				GCC_WARN_64_TO_32_BIT_CONVERSION = YES;
				GCC_WARN_ABOUT_RETURN_TYPE = YES_ERROR;
				GCC_WARN_UNDECLARED_SELECTOR = YES;
				GCC_WARN_UNINITIALIZED_AUTOS = YES_AGGRESSIVE;
				GCC_WARN_UNUSED_FUNCTION = YES;
				GCC_WARN_UNUSED_VARIABLE = YES;
				IPHONEOS_DEPLOYMENT_TARGET = 10.0;
				MTL_ENABLE_DEBUG_INFO = NO;
				SDKROOT = iphoneos;
				SWIFT_OPTIMIZATION_LEVEL = "-Owholemodule";
				TARGETED_DEVICE_FAMILY = "1,2";
				VALIDATE_PRODUCT = YES;
			};
			name = Release;
		};
		10726D5C1D2C930D0035EFDD /* Debug */ = {
			isa = XCBuildConfiguration;
			buildSettings = {
				ASSETCATALOG_COMPILER_APPICON_NAME = AppIcon;
				INFOPLIST_FILE = ReplayKitDemo/Info.plist;
				LD_RUNPATH_SEARCH_PATHS = "$(inherited) @executable_path/Frameworks";
				PRODUCT_BUNDLE_IDENTIFIER = com.VincentNgo.ReplayKitDemo;
				PRODUCT_NAME = "$(TARGET_NAME)";
				SWIFT_VERSION = 3.0;
			};
			name = Debug;
		};
		10726D5D1D2C930D0035EFDD /* Release */ = {
			isa = XCBuildConfiguration;
			buildSettings = {
				ASSETCATALOG_COMPILER_APPICON_NAME = AppIcon;
				INFOPLIST_FILE = ReplayKitDemo/Info.plist;
				LD_RUNPATH_SEARCH_PATHS = "$(inherited) @executable_path/Frameworks";
				PRODUCT_BUNDLE_IDENTIFIER = com.VincentNgo.ReplayKitDemo;
				PRODUCT_NAME = "$(TARGET_NAME)";
				SWIFT_VERSION = 3.0;
			};
			name = Release;
		};
/* End XCBuildConfiguration section */

/* Begin XCConfigurationList section */
		10726D441D2C930D0035EFDD /* Build configuration list for PBXProject "ReplayKitDemo" */ = {
			isa = XCConfigurationList;
			buildConfigurations = (
				10726D591D2C930D0035EFDD /* Debug */,
				10726D5A1D2C930D0035EFDD /* Release */,
			);
			defaultConfigurationIsVisible = 0;
			defaultConfigurationName = Release;
		};
		10726D5B1D2C930D0035EFDD /* Build configuration list for PBXNativeTarget "ReplayKitDemo" */ = {
			isa = XCConfigurationList;
			buildConfigurations = (
				10726D5C1D2C930D0035EFDD /* Debug */,
				10726D5D1D2C930D0035EFDD /* Release */,
			);
			defaultConfigurationIsVisible = 0;
			defaultConfigurationName = Release;
		};
/* End XCConfigurationList section */
	};
	rootObject = 10726D411D2C930D0035EFDD /* Project object */;
}
